
Microsoft Visual Studio Solution File, Format Version 12.00
# Visual Studio Version 16
VisualStudioVersion = 16.0.33423.256
MinimumVisualStudioVersion = 10.0.40219.1
Project("{FAE04EC0-301F-11D3-BF4B-00C04F79EFBC}") = "ExchangeProject", "ExchangeProject\ExchangeProject.csproj", "{8392A6E3-60F7-4E42-A2AB-2ECA80373FF6}"
EndProject
Global
	GlobalSection(SolutionConfigurationPlatforms) = preSolution
		Debug|Any CPU = Debug|Any CPU
		Release|Any CPU = Release|Any CPU
	EndGlobalSection
	GlobalSection(ProjectConfigurationPlatforms) = postSolution
		{8392A6E3-60F7-4E42-A2AB-2ECA80373FF6}.Debug|Any CPU.ActiveCfg = Debug|Any CPU
		{8392A6E3-60F7-4E42-A2AB-2ECA80373FF6}.Debug|Any CPU.Build.0 = Debug|Any CPU
		{8392A6E3-60F7-4E42-A2AB-2ECA80373FF6}.Release|Any CPU.ActiveCfg = Release|Any CPU
		{8392A6E3-60F7-4E42-A2AB-2ECA80373FF6}.Release|Any CPU.Build.0 = Release|Any CPU
	EndGlobalSection
	GlobalSection(SolutionProperties) = preSolution
		HideSolutionNode = FALSE
	EndGlobalSection
	GlobalSection(ExtensibilityGlobals) = postSolution
		SolutionGuid = {72985228-12B2-4969-960A-0C7D66FD16A2}
	EndGlobalSection
EndGlobal
